
Microsoft Visual Studio Solution File, Format Version 12.00
# Visual Studio 15
VisualStudioVersion = 15.0.26730.16
MinimumVisualStudioVersion = 10.0.40219.1
Project("{FAE04EC0-301F-11D3-BF4B-00C04F79EFBC}") = "StructAlumnos", "StructAlumnos\StructAlumnos.csproj", "{B1D42F1C-6D9B-4A24-A1E5-163C3CF0C54E}"
EndProject
Global
	GlobalSection(SolutionConfigurationPlatforms) = preSolution
		Debug|Any CPU = Debug|Any CPU
		Release|Any CPU = Release|Any CPU
	EndGlobalSection
	GlobalSection(ProjectConfigurationPlatforms) = postSolution
		{B1D42F1C-6D9B-4A24-A1E5-163C3CF0C54E}.Debug|Any CPU.ActiveCfg = Debug|Any CPU
		{B1D42F1C-6D9B-4A24-A1E5-163C3CF0C54E}.Debug|Any CPU.Build.0 = Debug|Any CPU
		{B1D42F1C-6D9B-4A24-A1E5-163C3CF0C54E}.Release|Any CPU.ActiveCfg = Release|Any CPU
		{B1D42F1C-6D9B-4A24-A1E5-163C3CF0C54E}.Release|Any CPU.Build.0 = Release|Any CPU
	EndGlobalSection
	GlobalSection(SolutionProperties) = preSolution
		HideSolutionNode = FALSE
	EndGlobalSection
	GlobalSection(ExtensibilityGlobals) = postSolution
		SolutionGuid = {0A9E49F6-80B7-4BAE-A428-5ADD74AE0A8D}
	EndGlobalSection
EndGlobal
