
Microsoft Visual Studio Solution File, Format Version 12.00
# Visual Studio 15
VisualStudioVersion = 15.0.26730.16
MinimumVisualStudioVersion = 10.0.40219.1
Project("{FAE04EC0-301F-11D3-BF4B-00C04F79EFBC}") = "Ejercicio 10 While", "Ejercicio 10 While\Ejercicio 10 While.csproj", "{AD946CE3-A1E0-4B9B-B186-5AB2F0BE7B50}"
EndProject
Global
	GlobalSection(SolutionConfigurationPlatforms) = preSolution
		Debug|Any CPU = Debug|Any CPU
		Release|Any CPU = Release|Any CPU
	EndGlobalSection
	GlobalSection(ProjectConfigurationPlatforms) = postSolution
		{AD946CE3-A1E0-4B9B-B186-5AB2F0BE7B50}.Debug|Any CPU.ActiveCfg = Debug|Any CPU
		{AD946CE3-A1E0-4B9B-B186-5AB2F0BE7B50}.Debug|Any CPU.Build.0 = Debug|Any CPU
		{AD946CE3-A1E0-4B9B-B186-5AB2F0BE7B50}.Release|Any CPU.ActiveCfg = Release|Any CPU
		{AD946CE3-A1E0-4B9B-B186-5AB2F0BE7B50}.Release|Any CPU.Build.0 = Release|Any CPU
	EndGlobalSection
	GlobalSection(SolutionProperties) = preSolution
		HideSolutionNode = FALSE
	EndGlobalSection
	GlobalSection(ExtensibilityGlobals) = postSolution
		SolutionGuid = {1F11EC39-5BF1-459E-A888-AFE14E9B35BC}
	EndGlobalSection
EndGlobal
