
Microsoft Visual Studio Solution File, Format Version 12.00
# Visual Studio 15
VisualStudioVersion = 15.0.26730.16
MinimumVisualStudioVersion = 10.0.40219.1
Project("{FAE04EC0-301F-11D3-BF4B-00C04F79EFBC}") = "Ejercicio 26 For", "Ejercicio 26 For\Ejercicio 26 For.csproj", "{494C9D6B-58F4-4719-9152-EE0AC940737B}"
EndProject
Global
	GlobalSection(SolutionConfigurationPlatforms) = preSolution
		Debug|Any CPU = Debug|Any CPU
		Release|Any CPU = Release|Any CPU
	EndGlobalSection
	GlobalSection(ProjectConfigurationPlatforms) = postSolution
		{494C9D6B-58F4-4719-9152-EE0AC940737B}.Debug|Any CPU.ActiveCfg = Debug|Any CPU
		{494C9D6B-58F4-4719-9152-EE0AC940737B}.Debug|Any CPU.Build.0 = Debug|Any CPU
		{494C9D6B-58F4-4719-9152-EE0AC940737B}.Release|Any CPU.ActiveCfg = Release|Any CPU
		{494C9D6B-58F4-4719-9152-EE0AC940737B}.Release|Any CPU.Build.0 = Release|Any CPU
	EndGlobalSection
	GlobalSection(SolutionProperties) = preSolution
		HideSolutionNode = FALSE
	EndGlobalSection
	GlobalSection(ExtensibilityGlobals) = postSolution
		SolutionGuid = {8E4BEDC2-9D0E-4BE3-ACCF-2AC1A334896E}
	EndGlobalSection
EndGlobal
