
Microsoft Visual Studio Solution File, Format Version 12.00
# Visual Studio 15
VisualStudioVersion = 15.0.26730.16
MinimumVisualStudioVersion = 10.0.40219.1
Project("{FAE04EC0-301F-11D3-BF4B-00C04F79EFBC}") = "Ejercicio 14 While", "Ejercicio 14 While\Ejercicio 14 While.csproj", "{9118FC27-5013-471F-BC5D-CB903BCBF317}"
EndProject
Global
	GlobalSection(SolutionConfigurationPlatforms) = preSolution
		Debug|Any CPU = Debug|Any CPU
		Release|Any CPU = Release|Any CPU
	EndGlobalSection
	GlobalSection(ProjectConfigurationPlatforms) = postSolution
		{9118FC27-5013-471F-BC5D-CB903BCBF317}.Debug|Any CPU.ActiveCfg = Debug|Any CPU
		{9118FC27-5013-471F-BC5D-CB903BCBF317}.Debug|Any CPU.Build.0 = Debug|Any CPU
		{9118FC27-5013-471F-BC5D-CB903BCBF317}.Release|Any CPU.ActiveCfg = Release|Any CPU
		{9118FC27-5013-471F-BC5D-CB903BCBF317}.Release|Any CPU.Build.0 = Release|Any CPU
	EndGlobalSection
	GlobalSection(SolutionProperties) = preSolution
		HideSolutionNode = FALSE
	EndGlobalSection
	GlobalSection(ExtensibilityGlobals) = postSolution
		SolutionGuid = {B3482470-C2AE-46D9-9BFE-099A6E115E29}
	EndGlobalSection
EndGlobal
