
Microsoft Visual Studio Solution File, Format Version 12.00
# Visual Studio 15
VisualStudioVersion = 15.0.26730.16
MinimumVisualStudioVersion = 10.0.40219.1
Project("{FAE04EC0-301F-11D3-BF4B-00C04F79EFBC}") = "Ejercicio 30 For", "Ejercicio 30 For\Ejercicio 30 For.csproj", "{A809F7C5-5517-4E61-88B2-12D8A0E3803D}"
EndProject
Global
	GlobalSection(SolutionConfigurationPlatforms) = preSolution
		Debug|Any CPU = Debug|Any CPU
		Release|Any CPU = Release|Any CPU
	EndGlobalSection
	GlobalSection(ProjectConfigurationPlatforms) = postSolution
		{A809F7C5-5517-4E61-88B2-12D8A0E3803D}.Debug|Any CPU.ActiveCfg = Debug|Any CPU
		{A809F7C5-5517-4E61-88B2-12D8A0E3803D}.Debug|Any CPU.Build.0 = Debug|Any CPU
		{A809F7C5-5517-4E61-88B2-12D8A0E3803D}.Release|Any CPU.ActiveCfg = Release|Any CPU
		{A809F7C5-5517-4E61-88B2-12D8A0E3803D}.Release|Any CPU.Build.0 = Release|Any CPU
	EndGlobalSection
	GlobalSection(SolutionProperties) = preSolution
		HideSolutionNode = FALSE
	EndGlobalSection
	GlobalSection(ExtensibilityGlobals) = postSolution
		SolutionGuid = {F4AEDED2-5D82-470B-AB92-E8CB4AB0E1A7}
	EndGlobalSection
EndGlobal
