
Microsoft Visual Studio Solution File, Format Version 12.00
# Visual Studio 15
VisualStudioVersion = 15.0.27004.2002
MinimumVisualStudioVersion = 10.0.40219.1
Project("{FAE04EC0-301F-11D3-BF4B-00C04F79EFBC}") = "FicherosTexto", "FicherosTexto\FicherosTexto.csproj", "{55446B9B-4BBA-4A5C-839C-1FE2F99F4D36}"
EndProject
Global
	GlobalSection(SolutionConfigurationPlatforms) = preSolution
		Debug|Any CPU = Debug|Any CPU
		Release|Any CPU = Release|Any CPU
	EndGlobalSection
	GlobalSection(ProjectConfigurationPlatforms) = postSolution
		{55446B9B-4BBA-4A5C-839C-1FE2F99F4D36}.Debug|Any CPU.ActiveCfg = Debug|Any CPU
		{55446B9B-4BBA-4A5C-839C-1FE2F99F4D36}.Debug|Any CPU.Build.0 = Debug|Any CPU
		{55446B9B-4BBA-4A5C-839C-1FE2F99F4D36}.Release|Any CPU.ActiveCfg = Release|Any CPU
		{55446B9B-4BBA-4A5C-839C-1FE2F99F4D36}.Release|Any CPU.Build.0 = Release|Any CPU
	EndGlobalSection
	GlobalSection(SolutionProperties) = preSolution
		HideSolutionNode = FALSE
	EndGlobalSection
	GlobalSection(ExtensibilityGlobals) = postSolution
		SolutionGuid = {A75A6B94-9174-4682-B09C-F70559323977}
	EndGlobalSection
EndGlobal
