
Microsoft Visual Studio Solution File, Format Version 12.00
# Visual Studio 15
VisualStudioVersion = 15.0.26730.16
MinimumVisualStudioVersion = 10.0.40219.1
Project("{FAE04EC0-301F-11D3-BF4B-00C04F79EFBC}") = "Ejercicio 21 While", "Ejercicio 21 While\Ejercicio 21 While.csproj", "{D7F5261B-D926-4138-88F8-FEF9AA0CA683}"
EndProject
Global
	GlobalSection(SolutionConfigurationPlatforms) = preSolution
		Debug|Any CPU = Debug|Any CPU
		Release|Any CPU = Release|Any CPU
	EndGlobalSection
	GlobalSection(ProjectConfigurationPlatforms) = postSolution
		{D7F5261B-D926-4138-88F8-FEF9AA0CA683}.Debug|Any CPU.ActiveCfg = Debug|Any CPU
		{D7F5261B-D926-4138-88F8-FEF9AA0CA683}.Debug|Any CPU.Build.0 = Debug|Any CPU
		{D7F5261B-D926-4138-88F8-FEF9AA0CA683}.Release|Any CPU.ActiveCfg = Release|Any CPU
		{D7F5261B-D926-4138-88F8-FEF9AA0CA683}.Release|Any CPU.Build.0 = Release|Any CPU
	EndGlobalSection
	GlobalSection(SolutionProperties) = preSolution
		HideSolutionNode = FALSE
	EndGlobalSection
	GlobalSection(ExtensibilityGlobals) = postSolution
		SolutionGuid = {A6668C4A-6E75-4501-8E85-3E1E8B5D9C42}
	EndGlobalSection
EndGlobal
