
Microsoft Visual Studio Solution File, Format Version 12.00
# Visual Studio 15
VisualStudioVersion = 15.0.27004.2002
MinimumVisualStudioVersion = 10.0.40219.1
Project("{FAE04EC0-301F-11D3-BF4B-00C04F79EFBC}") = "GrupoYAlumno", "GrupoYAlumno\GrupoYAlumno.csproj", "{8B0F25DF-8249-457D-9F6A-A4AD5C84BD4E}"
EndProject
Global
	GlobalSection(SolutionConfigurationPlatforms) = preSolution
		Debug|Any CPU = Debug|Any CPU
		Release|Any CPU = Release|Any CPU
	EndGlobalSection
	GlobalSection(ProjectConfigurationPlatforms) = postSolution
		{8B0F25DF-8249-457D-9F6A-A4AD5C84BD4E}.Debug|Any CPU.ActiveCfg = Debug|Any CPU
		{8B0F25DF-8249-457D-9F6A-A4AD5C84BD4E}.Debug|Any CPU.Build.0 = Debug|Any CPU
		{8B0F25DF-8249-457D-9F6A-A4AD5C84BD4E}.Release|Any CPU.ActiveCfg = Release|Any CPU
		{8B0F25DF-8249-457D-9F6A-A4AD5C84BD4E}.Release|Any CPU.Build.0 = Release|Any CPU
	EndGlobalSection
	GlobalSection(SolutionProperties) = preSolution
		HideSolutionNode = FALSE
	EndGlobalSection
	GlobalSection(ExtensibilityGlobals) = postSolution
		SolutionGuid = {137F6132-38EF-423A-BEED-EC53D75D7AED}
	EndGlobalSection
EndGlobal
