
Microsoft Visual Studio Solution File, Format Version 12.00
# Visual Studio 15
VisualStudioVersion = 15.0.26730.16
MinimumVisualStudioVersion = 10.0.40219.1
Project("{FAE04EC0-301F-11D3-BF4B-00C04F79EFBC}") = "Ejercicio 6 Condicionales", "Ejercicio 6 Condicionales\Ejercicio 6 Condicionales.csproj", "{CFAB69E1-F609-4F73-AA30-A365AF7A69FE}"
EndProject
Global
	GlobalSection(SolutionConfigurationPlatforms) = preSolution
		Debug|Any CPU = Debug|Any CPU
		Release|Any CPU = Release|Any CPU
	EndGlobalSection
	GlobalSection(ProjectConfigurationPlatforms) = postSolution
		{CFAB69E1-F609-4F73-AA30-A365AF7A69FE}.Debug|Any CPU.ActiveCfg = Debug|Any CPU
		{CFAB69E1-F609-4F73-AA30-A365AF7A69FE}.Debug|Any CPU.Build.0 = Debug|Any CPU
		{CFAB69E1-F609-4F73-AA30-A365AF7A69FE}.Release|Any CPU.ActiveCfg = Release|Any CPU
		{CFAB69E1-F609-4F73-AA30-A365AF7A69FE}.Release|Any CPU.Build.0 = Release|Any CPU
	EndGlobalSection
	GlobalSection(SolutionProperties) = preSolution
		HideSolutionNode = FALSE
	EndGlobalSection
	GlobalSection(ExtensibilityGlobals) = postSolution
		SolutionGuid = {03D02F61-E537-49E9-85B3-08456B5D2789}
	EndGlobalSection
EndGlobal
