
Microsoft Visual Studio Solution File, Format Version 12.00
# Visual Studio 15
VisualStudioVersion = 15.0.27004.2002
MinimumVisualStudioVersion = 10.0.40219.1
Project("{FAE04EC0-301F-11D3-BF4B-00C04F79EFBC}") = "Ejercicio2", "Ejercicio2\Ejercicio2.csproj", "{AA8E1605-36AB-4BED-808F-2312C865ABB9}"
EndProject
Global
	GlobalSection(SolutionConfigurationPlatforms) = preSolution
		Debug|Any CPU = Debug|Any CPU
		Release|Any CPU = Release|Any CPU
	EndGlobalSection
	GlobalSection(ProjectConfigurationPlatforms) = postSolution
		{AA8E1605-36AB-4BED-808F-2312C865ABB9}.Debug|Any CPU.ActiveCfg = Debug|Any CPU
		{AA8E1605-36AB-4BED-808F-2312C865ABB9}.Debug|Any CPU.Build.0 = Debug|Any CPU
		{AA8E1605-36AB-4BED-808F-2312C865ABB9}.Release|Any CPU.ActiveCfg = Release|Any CPU
		{AA8E1605-36AB-4BED-808F-2312C865ABB9}.Release|Any CPU.Build.0 = Release|Any CPU
	EndGlobalSection
	GlobalSection(SolutionProperties) = preSolution
		HideSolutionNode = FALSE
	EndGlobalSection
	GlobalSection(ExtensibilityGlobals) = postSolution
		SolutionGuid = {EAF10670-0125-4114-A7F2-7431D723B997}
	EndGlobalSection
EndGlobal
