
Microsoft Visual Studio Solution File, Format Version 12.00
# Visual Studio 15
VisualStudioVersion = 15.0.26730.16
MinimumVisualStudioVersion = 10.0.40219.1
Project("{FAE04EC0-301F-11D3-BF4B-00C04F79EFBC}") = "Ejercicio 42", "Ejercicio 42\Ejercicio 42.csproj", "{2D6AEE29-7A4B-4D08-8E8D-89926298C212}"
EndProject
Global
	GlobalSection(SolutionConfigurationPlatforms) = preSolution
		Debug|Any CPU = Debug|Any CPU
		Release|Any CPU = Release|Any CPU
	EndGlobalSection
	GlobalSection(ProjectConfigurationPlatforms) = postSolution
		{2D6AEE29-7A4B-4D08-8E8D-89926298C212}.Debug|Any CPU.ActiveCfg = Debug|Any CPU
		{2D6AEE29-7A4B-4D08-8E8D-89926298C212}.Debug|Any CPU.Build.0 = Debug|Any CPU
		{2D6AEE29-7A4B-4D08-8E8D-89926298C212}.Release|Any CPU.ActiveCfg = Release|Any CPU
		{2D6AEE29-7A4B-4D08-8E8D-89926298C212}.Release|Any CPU.Build.0 = Release|Any CPU
	EndGlobalSection
	GlobalSection(SolutionProperties) = preSolution
		HideSolutionNode = FALSE
	EndGlobalSection
	GlobalSection(ExtensibilityGlobals) = postSolution
		SolutionGuid = {81F52AD6-431D-40A5-ABF6-5F0FCDD604E0}
	EndGlobalSection
EndGlobal
