
Microsoft Visual Studio Solution File, Format Version 12.00
# Visual Studio 15
VisualStudioVersion = 15.0.26730.16
MinimumVisualStudioVersion = 10.0.40219.1
Project("{FAE04EC0-301F-11D3-BF4B-00C04F79EFBC}") = "Ejercicio 19 Funciones", "Ejercicio 19 Funciones\Ejercicio 19 Funciones.csproj", "{CADC1437-C5D2-4B76-B69C-CDEA73D78F23}"
EndProject
Global
	GlobalSection(SolutionConfigurationPlatforms) = preSolution
		Debug|Any CPU = Debug|Any CPU
		Release|Any CPU = Release|Any CPU
	EndGlobalSection
	GlobalSection(ProjectConfigurationPlatforms) = postSolution
		{CADC1437-C5D2-4B76-B69C-CDEA73D78F23}.Debug|Any CPU.ActiveCfg = Debug|Any CPU
		{CADC1437-C5D2-4B76-B69C-CDEA73D78F23}.Debug|Any CPU.Build.0 = Debug|Any CPU
		{CADC1437-C5D2-4B76-B69C-CDEA73D78F23}.Release|Any CPU.ActiveCfg = Release|Any CPU
		{CADC1437-C5D2-4B76-B69C-CDEA73D78F23}.Release|Any CPU.Build.0 = Release|Any CPU
	EndGlobalSection
	GlobalSection(SolutionProperties) = preSolution
		HideSolutionNode = FALSE
	EndGlobalSection
	GlobalSection(ExtensibilityGlobals) = postSolution
		SolutionGuid = {A64AE56F-1968-4F2F-82AE-C10A49C342D5}
	EndGlobalSection
EndGlobal
