
Microsoft Visual Studio Solution File, Format Version 12.00
# Visual Studio 15
VisualStudioVersion = 15.0.26730.16
MinimumVisualStudioVersion = 10.0.40219.1
Project("{FAE04EC0-301F-11D3-BF4B-00C04F79EFBC}") = "Ejercicio 2 Condicionales", "Ejercicio 2 Condicionales\Ejercicio 2 Condicionales.csproj", "{D527C029-46DE-4D56-8FB4-40C08F374994}"
EndProject
Global
	GlobalSection(SolutionConfigurationPlatforms) = preSolution
		Debug|Any CPU = Debug|Any CPU
		Release|Any CPU = Release|Any CPU
	EndGlobalSection
	GlobalSection(ProjectConfigurationPlatforms) = postSolution
		{D527C029-46DE-4D56-8FB4-40C08F374994}.Debug|Any CPU.ActiveCfg = Debug|Any CPU
		{D527C029-46DE-4D56-8FB4-40C08F374994}.Debug|Any CPU.Build.0 = Debug|Any CPU
		{D527C029-46DE-4D56-8FB4-40C08F374994}.Release|Any CPU.ActiveCfg = Release|Any CPU
		{D527C029-46DE-4D56-8FB4-40C08F374994}.Release|Any CPU.Build.0 = Release|Any CPU
	EndGlobalSection
	GlobalSection(SolutionProperties) = preSolution
		HideSolutionNode = FALSE
	EndGlobalSection
	GlobalSection(ExtensibilityGlobals) = postSolution
		SolutionGuid = {9BA6E233-D3CA-42DE-9156-E6BD85FB54BD}
	EndGlobalSection
EndGlobal
