
Microsoft Visual Studio Solution File, Format Version 12.00
# Visual Studio 15
VisualStudioVersion = 15.0.27004.2002
MinimumVisualStudioVersion = 10.0.40219.1
Project("{FAE04EC0-301F-11D3-BF4B-00C04F79EFBC}") = "Ejercicio12", "Ejercicio12\Ejercicio12.csproj", "{8A099CDB-9003-4BB6-82EE-B4427C96F4DA}"
EndProject
Global
	GlobalSection(SolutionConfigurationPlatforms) = preSolution
		Debug|Any CPU = Debug|Any CPU
		Release|Any CPU = Release|Any CPU
	EndGlobalSection
	GlobalSection(ProjectConfigurationPlatforms) = postSolution
		{8A099CDB-9003-4BB6-82EE-B4427C96F4DA}.Debug|Any CPU.ActiveCfg = Debug|Any CPU
		{8A099CDB-9003-4BB6-82EE-B4427C96F4DA}.Debug|Any CPU.Build.0 = Debug|Any CPU
		{8A099CDB-9003-4BB6-82EE-B4427C96F4DA}.Release|Any CPU.ActiveCfg = Release|Any CPU
		{8A099CDB-9003-4BB6-82EE-B4427C96F4DA}.Release|Any CPU.Build.0 = Release|Any CPU
	EndGlobalSection
	GlobalSection(SolutionProperties) = preSolution
		HideSolutionNode = FALSE
	EndGlobalSection
	GlobalSection(ExtensibilityGlobals) = postSolution
		SolutionGuid = {EAA4935E-7615-498E-925E-639EE91A1009}
	EndGlobalSection
EndGlobal
