
Microsoft Visual Studio Solution File, Format Version 12.00
# Visual Studio 15
VisualStudioVersion = 15.0.26730.16
MinimumVisualStudioVersion = 10.0.40219.1
Project("{FAE04EC0-301F-11D3-BF4B-00C04F79EFBC}") = "Ejercicio 23 For", "Ejercicio 23 For\Ejercicio 23 For.csproj", "{8186822E-EF4D-4623-A9CF-15DF10FAF171}"
EndProject
Global
	GlobalSection(SolutionConfigurationPlatforms) = preSolution
		Debug|Any CPU = Debug|Any CPU
		Release|Any CPU = Release|Any CPU
	EndGlobalSection
	GlobalSection(ProjectConfigurationPlatforms) = postSolution
		{8186822E-EF4D-4623-A9CF-15DF10FAF171}.Debug|Any CPU.ActiveCfg = Debug|Any CPU
		{8186822E-EF4D-4623-A9CF-15DF10FAF171}.Debug|Any CPU.Build.0 = Debug|Any CPU
		{8186822E-EF4D-4623-A9CF-15DF10FAF171}.Release|Any CPU.ActiveCfg = Release|Any CPU
		{8186822E-EF4D-4623-A9CF-15DF10FAF171}.Release|Any CPU.Build.0 = Release|Any CPU
	EndGlobalSection
	GlobalSection(SolutionProperties) = preSolution
		HideSolutionNode = FALSE
	EndGlobalSection
	GlobalSection(ExtensibilityGlobals) = postSolution
		SolutionGuid = {DBEEDA01-E649-4A37-A20C-A9C0B6034296}
	EndGlobalSection
EndGlobal
