
Microsoft Visual Studio Solution File, Format Version 12.00
# Visual Studio 15
VisualStudioVersion = 15.0.26730.16
MinimumVisualStudioVersion = 10.0.40219.1
Project("{FAE04EC0-301F-11D3-BF4B-00C04F79EFBC}") = "Ejercicio 22 While", "Ejercicio 22 While\Ejercicio 22 While.csproj", "{4557E186-B1FB-42A1-9429-7383DF32E08D}"
EndProject
Global
	GlobalSection(SolutionConfigurationPlatforms) = preSolution
		Debug|Any CPU = Debug|Any CPU
		Release|Any CPU = Release|Any CPU
	EndGlobalSection
	GlobalSection(ProjectConfigurationPlatforms) = postSolution
		{4557E186-B1FB-42A1-9429-7383DF32E08D}.Debug|Any CPU.ActiveCfg = Debug|Any CPU
		{4557E186-B1FB-42A1-9429-7383DF32E08D}.Debug|Any CPU.Build.0 = Debug|Any CPU
		{4557E186-B1FB-42A1-9429-7383DF32E08D}.Release|Any CPU.ActiveCfg = Release|Any CPU
		{4557E186-B1FB-42A1-9429-7383DF32E08D}.Release|Any CPU.Build.0 = Release|Any CPU
	EndGlobalSection
	GlobalSection(SolutionProperties) = preSolution
		HideSolutionNode = FALSE
	EndGlobalSection
	GlobalSection(ExtensibilityGlobals) = postSolution
		SolutionGuid = {DD85988C-7EBC-4F74-8F31-046D379E4CB1}
	EndGlobalSection
EndGlobal
