
Microsoft Visual Studio Solution File, Format Version 12.00
# Visual Studio 15
VisualStudioVersion = 15.0.27004.2002
MinimumVisualStudioVersion = 10.0.40219.1
Project("{FAE04EC0-301F-11D3-BF4B-00C04F79EFBC}") = "StructBanco", "StructBanco\StructBanco.csproj", "{BEED4021-6FF0-4533-AFE2-5823325CF4DF}"
EndProject
Global
	GlobalSection(SolutionConfigurationPlatforms) = preSolution
		Debug|Any CPU = Debug|Any CPU
		Release|Any CPU = Release|Any CPU
	EndGlobalSection
	GlobalSection(ProjectConfigurationPlatforms) = postSolution
		{BEED4021-6FF0-4533-AFE2-5823325CF4DF}.Debug|Any CPU.ActiveCfg = Debug|Any CPU
		{BEED4021-6FF0-4533-AFE2-5823325CF4DF}.Debug|Any CPU.Build.0 = Debug|Any CPU
		{BEED4021-6FF0-4533-AFE2-5823325CF4DF}.Release|Any CPU.ActiveCfg = Release|Any CPU
		{BEED4021-6FF0-4533-AFE2-5823325CF4DF}.Release|Any CPU.Build.0 = Release|Any CPU
	EndGlobalSection
	GlobalSection(SolutionProperties) = preSolution
		HideSolutionNode = FALSE
	EndGlobalSection
	GlobalSection(ExtensibilityGlobals) = postSolution
		SolutionGuid = {1B884D36-BF48-4274-8DDD-14FD681589B1}
	EndGlobalSection
EndGlobal
