
Microsoft Visual Studio Solution File, Format Version 12.00
# Visual Studio 15
VisualStudioVersion = 15.0.26730.16
MinimumVisualStudioVersion = 10.0.40219.1
Project("{FAE04EC0-301F-11D3-BF4B-00C04F79EFBC}") = "Ejercicio 9 While", "Ejercicio 9 While\Ejercicio 9 While.csproj", "{DD7110CA-5555-4195-A50A-5A2AA92E16F1}"
EndProject
Global
	GlobalSection(SolutionConfigurationPlatforms) = preSolution
		Debug|Any CPU = Debug|Any CPU
		Release|Any CPU = Release|Any CPU
	EndGlobalSection
	GlobalSection(ProjectConfigurationPlatforms) = postSolution
		{DD7110CA-5555-4195-A50A-5A2AA92E16F1}.Debug|Any CPU.ActiveCfg = Debug|Any CPU
		{DD7110CA-5555-4195-A50A-5A2AA92E16F1}.Debug|Any CPU.Build.0 = Debug|Any CPU
		{DD7110CA-5555-4195-A50A-5A2AA92E16F1}.Release|Any CPU.ActiveCfg = Release|Any CPU
		{DD7110CA-5555-4195-A50A-5A2AA92E16F1}.Release|Any CPU.Build.0 = Release|Any CPU
	EndGlobalSection
	GlobalSection(SolutionProperties) = preSolution
		HideSolutionNode = FALSE
	EndGlobalSection
	GlobalSection(ExtensibilityGlobals) = postSolution
		SolutionGuid = {35D903BD-B249-4389-8BBF-76FE0785F22D}
	EndGlobalSection
EndGlobal
