
Microsoft Visual Studio Solution File, Format Version 12.00
# Visual Studio 15
VisualStudioVersion = 15.0.26730.16
MinimumVisualStudioVersion = 10.0.40219.1
Project("{FAE04EC0-301F-11D3-BF4B-00C04F79EFBC}") = "Ejercicio 33 For", "Ejercicio 33 For\Ejercicio 33 For.csproj", "{99167E3D-1A82-4B7A-9FEF-0C690956A1EE}"
EndProject
Global
	GlobalSection(SolutionConfigurationPlatforms) = preSolution
		Debug|Any CPU = Debug|Any CPU
		Release|Any CPU = Release|Any CPU
	EndGlobalSection
	GlobalSection(ProjectConfigurationPlatforms) = postSolution
		{99167E3D-1A82-4B7A-9FEF-0C690956A1EE}.Debug|Any CPU.ActiveCfg = Debug|Any CPU
		{99167E3D-1A82-4B7A-9FEF-0C690956A1EE}.Debug|Any CPU.Build.0 = Debug|Any CPU
		{99167E3D-1A82-4B7A-9FEF-0C690956A1EE}.Release|Any CPU.ActiveCfg = Release|Any CPU
		{99167E3D-1A82-4B7A-9FEF-0C690956A1EE}.Release|Any CPU.Build.0 = Release|Any CPU
	EndGlobalSection
	GlobalSection(SolutionProperties) = preSolution
		HideSolutionNode = FALSE
	EndGlobalSection
	GlobalSection(ExtensibilityGlobals) = postSolution
		SolutionGuid = {34EA5984-7C06-431C-AC7E-65EB6406A3F8}
	EndGlobalSection
EndGlobal
